
Microsoft Visual Studio Solution File, Format Version 12.00
# Visual Studio Version 17
VisualStudioVersion = 17.4.33103.184
MinimumVisualStudioVersion = 10.0.40219.1
Project("{FAE04EC0-301F-11D3-BF4B-00C04F79EFBC}") = "ZXCGHOUL993", "ZXCGHOUL993.csproj", "{17BC576D-8A00-4D96-9BD0-FFEF2F915AF0}"
EndProject
Global
	GlobalSection(SolutionConfigurationPlatforms) = preSolution
		Debug|Any CPU = Debug|Any CPU
		Debug|x64 = Debug|x64
		Debug|x86 = Debug|x86
		Release|Any CPU = Release|Any CPU
		Release|x64 = Release|x64
		Release|x86 = Release|x86
	EndGlobalSection
	GlobalSection(ProjectConfigurationPlatforms) = postSolution
		{17BC576D-8A00-4D96-9BD0-FFEF2F915AF0}.Debug|Any CPU.ActiveCfg = Debug|Any CPU
		{17BC576D-8A00-4D96-9BD0-FFEF2F915AF0}.Debug|Any CPU.Build.0 = Debug|Any CPU
		{17BC576D-8A00-4D96-9BD0-FFEF2F915AF0}.Debug|x64.ActiveCfg = Debug|x64
		{17BC576D-8A00-4D96-9BD0-FFEF2F915AF0}.Debug|x64.Build.0 = Debug|x64
		{17BC576D-8A00-4D96-9BD0-FFEF2F915AF0}.Debug|x86.ActiveCfg = Debug|x86
		{17BC576D-8A00-4D96-9BD0-FFEF2F915AF0}.Debug|x86.Build.0 = Debug|x86
		{17BC576D-8A00-4D96-9BD0-FFEF2F915AF0}.Release|Any CPU.ActiveCfg = Release|Any CPU
		{17BC576D-8A00-4D96-9BD0-FFEF2F915AF0}.Release|Any CPU.Build.0 = Release|Any CPU
		{17BC576D-8A00-4D96-9BD0-FFEF2F915AF0}.Release|x64.ActiveCfg = Release|x64
		{17BC576D-8A00-4D96-9BD0-FFEF2F915AF0}.Release|x64.Build.0 = Release|x64
		{17BC576D-8A00-4D96-9BD0-FFEF2F915AF0}.Release|x86.ActiveCfg = Release|x86
		{17BC576D-8A00-4D96-9BD0-FFEF2F915AF0}.Release|x86.Build.0 = Release|x86
	EndGlobalSection
	GlobalSection(SolutionProperties) = preSolution
		HideSolutionNode = FALSE
	EndGlobalSection
	GlobalSection(ExtensibilityGlobals) = postSolution
		SolutionGuid = {DD24F915-4395-48B1-8615-AA93D7FD9D5D}
	EndGlobalSection
EndGlobal
